<?xml version="1.0" encoding="UTF-8" standalone="yes" ?>
<CodeBlocks_project_file>
	<FileVersion major="1" minor="6" />
	<Project>
		<Option title="eoserv" />
		<Option platforms="Windows;" />
		<Option compiler="gcc" />
		<Build>
			<Target title="Debug">
				<Option output="..\eoserv-debug" prefix_auto="1" extension_auto="1" />
				<Option working_dir=".." />
				<Option object_output="..\obj\Debug\" />
				<Option type="1" />
				<Option compiler="gcc" />
				<Compiler>
					<Add option="-g" />
					<Add option="-DDEBUG" />
					<Add option="-DDATABASE_DEBUG" />
				</Compiler>
			</Target>
			<Target title="Release">
				<Option output="..\eoserv" prefix_auto="1" extension_auto="1" />
				<Option working_dir=".." />
				<Option object_output="..\obj\Release\" />
				<Option type="1" />
				<Option compiler="gcc" />
				<Compiler>
					<Add option="-O2" />
				</Compiler>
				<Linker>
					<Add option="-s" />
				</Linker>
			</Target>
		</Build>
		<Compiler>
			<Add option="-Wall" />
			<Add option="-DEOSERV_PROJECT" />
			<Add option="-DEOSERV_PROJECT_CBP" />
			<Add option="-DDATABASE_MYSQL" />
			<Add option="-DDATABASE_SQLITE" />
			<Add directory="..\src\" />
		</Compiler>
		<Linker>
			<Add library="ws2_32" />
			<Add library="sqlite3" />
			<Add library="mysql" />
			<Add library="pthreadGC2" />
		</Linker>
		<Unit filename="..\src\config.cpp" />
		<Unit filename="..\src\config.hpp" />
		<Unit filename="..\src\database.cpp" />
		<Unit filename="..\src\database.hpp" />
		<Unit filename="..\src\eoclient.cpp" />
		<Unit filename="..\src\eoclient.hpp" />
		<Unit filename="..\src\eoconst.hpp" />
		<Unit filename="..\src\eodata.cpp" />
		<Unit filename="..\src\eodata.hpp" />
		<Unit filename="..\src\eoserv.cpp" />
		<Unit filename="..\src\eoserv.hpp" />
		<Unit filename="..\src\eoserv\character.cpp">
			<Option compile="0" />
			<Option link="0" />
		</Unit>
		<Unit filename="..\src\eoserv\guild.cpp">
			<Option compile="0" />
			<Option link="0" />
		</Unit>
		<Unit filename="..\src\eoserv\map.cpp">
			<Option compile="0" />
			<Option link="0" />
		</Unit>
		<Unit filename="..\src\eoserv\npc.cpp">
			<Option compile="0" />
			<Option link="0" />
		</Unit>
		<Unit filename="..\src\eoserv\party.cpp">
			<Option compile="0" />
			<Option link="0" />
		</Unit>
		<Unit filename="..\src\eoserv\player.cpp">
			<Option compile="0" />
			<Option link="0" />
		</Unit>
		<Unit filename="..\src\eoserv\world.cpp">
			<Option compile="0" />
			<Option link="0" />
		</Unit>
		<Unit filename="..\src\handlers.cpp" />
		<Unit filename="..\src\handlers\Account.cpp">
			<Option compile="0" />
			<Option link="0" />
		</Unit>
		<Unit filename="..\src\handlers\AdminInteract.cpp">
			<Option compile="0" />
			<Option link="0" />
		</Unit>
		<Unit filename="..\src\handlers\Attack.cpp">
			<Option compile="0" />
			<Option link="0" />
		</Unit>
		<Unit filename="..\src\handlers\Bank.cpp">
			<Option compile="0" />
			<Option link="0" />
		</Unit>
		<Unit filename="..\src\handlers\Board.cpp">
			<Option compile="0" />
			<Option link="0" />
		</Unit>
		<Unit filename="..\src\handlers\Book.cpp">
			<Option compile="0" />
			<Option link="0" />
		</Unit>
		<Unit filename="..\src\handlers\Chair.cpp">
			<Option compile="0" />
			<Option link="0" />
		</Unit>
		<Unit filename="..\src\handlers\Character.cpp">
			<Option compile="0" />
			<Option link="0" />
		</Unit>
		<Unit filename="..\src\handlers\Chest.cpp">
			<Option compile="0" />
			<Option link="0" />
		</Unit>
		<Unit filename="..\src\handlers\Citizen.cpp">
			<Option compile="0" />
			<Option link="0" />
		</Unit>
		<Unit filename="..\src\handlers\Connection.cpp">
			<Option compile="0" />
			<Option link="0" />
		</Unit>
		<Unit filename="..\src\handlers\Door.cpp">
			<Option compile="0" />
			<Option link="0" />
		</Unit>
		<Unit filename="..\src\handlers\Emote.cpp">
			<Option compile="0" />
			<Option link="0" />
		</Unit>
		<Unit filename="..\src\handlers\Face.cpp">
			<Option compile="0" />
			<Option link="0" />
		</Unit>
		<Unit filename="..\src\handlers\Global.cpp">
			<Option compile="0" />
			<Option link="0" />
		</Unit>
		<Unit filename="..\src\handlers\Guild.cpp">
			<Option compile="0" />
			<Option link="0" />
		</Unit>
		<Unit filename="..\src\handlers\Init.cpp">
			<Option compile="0" />
			<Option link="0" />
		</Unit>
		<Unit filename="..\src\handlers\Item.cpp">
			<Option compile="0" />
			<Option link="0" />
		</Unit>
		<Unit filename="..\src\handlers\Jukebox.cpp">
			<Option compile="0" />
			<Option link="0" />
		</Unit>
		<Unit filename="..\src\handlers\Locker.cpp">
			<Option compile="0" />
			<Option link="0" />
		</Unit>
		<Unit filename="..\src\handlers\Login.cpp">
			<Option compile="0" />
			<Option link="0" />
		</Unit>
		<Unit filename="..\src\handlers\Paperdoll.cpp">
			<Option compile="0" />
			<Option link="0" />
		</Unit>
		<Unit filename="..\src\handlers\Party.cpp">
			<Option compile="0" />
			<Option link="0" />
		</Unit>
		<Unit filename="..\src\handlers\Ping.cpp">
			<Option compile="0" />
			<Option link="0" />
		</Unit>
		<Unit filename="..\src\handlers\Players.cpp">
			<Option compile="0" />
			<Option link="0" />
		</Unit>
		<Unit filename="..\src\handlers\Refresh.cpp">
			<Option compile="0" />
			<Option link="0" />
		</Unit>
		<Unit filename="..\src\handlers\Shop.cpp">
			<Option compile="0" />
			<Option link="0" />
		</Unit>
		<Unit filename="..\src\handlers\Sit.cpp">
			<Option compile="0" />
			<Option link="0" />
		</Unit>
		<Unit filename="..\src\handlers\SkillMaster.cpp">
			<Option compile="0" />
			<Option link="0" />
		</Unit>
		<Unit filename="..\src\handlers\Talk.cpp">
			<Option compile="0" />
			<Option link="0" />
		</Unit>
		<Unit filename="..\src\handlers\Trade.cpp">
			<Option compile="0" />
			<Option link="0" />
		</Unit>
		<Unit filename="..\src\handlers\Walk.cpp">
			<Option compile="0" />
			<Option link="0" />
		</Unit>
		<Unit filename="..\src\handlers\Warp.cpp">
			<Option compile="0" />
			<Option link="0" />
		</Unit>
		<Unit filename="..\src\handlers\Welcome.cpp">
			<Option compile="0" />
			<Option link="0" />
		</Unit>
		<Unit filename="..\src\hash.cpp" />
		<Unit filename="..\src\hash.hpp" />
		<Unit filename="..\src\main.cpp" />
		<Unit filename="..\src\nanohttp.cpp" />
		<Unit filename="..\src\nanohttp.hpp" />
		<Unit filename="..\src\packet.cpp" />
		<Unit filename="..\src\packet.hpp" />
		<Unit filename="..\src\sha256.c">
			<Option compilerVar="CC" />
		</Unit>
		<Unit filename="..\src\sha256.h" />
		<Unit filename="..\src\socket.cpp" />
		<Unit filename="..\src\socket.hpp" />
		<Unit filename="..\src\timer.cpp" />
		<Unit filename="..\src\timer.hpp" />
		<Unit filename="..\src\util.cpp" />
		<Unit filename="..\src\util.hpp" />
		<Extensions>
			<code_completion />
			<envvars />
			<debugger />
		</Extensions>
	</Project>
</CodeBlocks_project_file>
