<?xml version="1.0" encoding="UTF-8" standalone="yes" ?>
<CodeBlocks_project_file>
	<FileVersion major="1" minor="6" />
	<Project>
		<Option title="eoserv" />
		<Option platforms="Windows;" />
		<Option pch_mode="2" />
		<Option compiler="gcc" />
		<Build>
			<Target title="DEBUG+MYSQL+SQLITE">
				<Option output="..\eoserv-debug" prefix_auto="1" extension_auto="1" />
				<Option working_dir=".." />
				<Option object_output="..\obj\Debug\" />
				<Option type="1" />
				<Option compiler="gcc" />
				<Compiler>
					<Add option="-g" />
					<Add option="-D_GLIBCXX_DEBUG" />
					<Add option="-D_GLIBCXX_DEBUG_PEDANTIC" />
					<Add option="-DDEBUG" />
					<Add option="-DDATABASE_DEBUG" />
					<Add option="-DDATABASE_MYSQL" />
					<Add option="-DDATABASE_SQLITE" />
				</Compiler>
				<Linker>
					<Add library="mariadb" />
					<Add library="sqlite3" />
				</Linker>
			</Target>
			<Target title="DEBUG+MYSQL">
				<Option output="..\eoserv-debug" prefix_auto="1" extension_auto="1" />
				<Option working_dir=".." />
				<Option object_output="..\obj\Debug\" />
				<Option type="1" />
				<Option compiler="gcc" />
				<Compiler>
					<Add option="-g" />
					<Add option="-D_GLIBCXX_DEBUG" />
					<Add option="-D_GLIBCXX_DEBUG_PEDANTIC" />
					<Add option="-DDEBUG" />
					<Add option="-DDATABASE_DEBUG" />
					<Add option="-DDATABASE_MYSQL" />
				</Compiler>
				<Linker>
					<Add library="mariadb" />
				</Linker>
			</Target>
			<Target title="DEBUG+SQLITE">
				<Option output="..\eoserv-debug" prefix_auto="1" extension_auto="1" />
				<Option working_dir=".." />
				<Option object_output="..\obj\Debug\" />
				<Option type="1" />
				<Option compiler="gcc" />
				<Compiler>
					<Add option="-g" />
					<Add option="-D_GLIBCXX_DEBUG" />
					<Add option="-D_GLIBCXX_DEBUG_PEDANTIC" />
					<Add option="-DDEBUG" />
					<Add option="-DDATABASE_DEBUG" />
					<Add option="-DDATABASE_SQLITE" />
				</Compiler>
				<Linker>
					<Add library="sqlite3" />
				</Linker>
			</Target>
			<Target title="MYSQL+SQLITE">
				<Option output="..\eoserv" prefix_auto="1" extension_auto="1" />
				<Option working_dir=".." />
				<Option object_output="..\obj\Release\" />
				<Option type="1" />
				<Option compiler="gcc" />
				<Compiler>
					<Add option="-O2" />
					<Add option="-DDATABASE_MYSQL" />
					<Add option="-DDATABASE_SQLITE" />
				</Compiler>
				<Linker>
					<Add option="-s" />
					<Add library="mariadb" />
					<Add library="sqlite3" />
				</Linker>
			</Target>
			<Target title="MYSQL">
				<Option output="..\eoserv" prefix_auto="1" extension_auto="1" />
				<Option working_dir=".." />
				<Option object_output="..\obj\Release\" />
				<Option type="1" />
				<Option compiler="gcc" />
				<Compiler>
					<Add option="-O2" />
					<Add option="-DDATABASE_MYSQL" />
				</Compiler>
				<Linker>
					<Add option="-s" />
					<Add library="mariadb" />
				</Linker>
			</Target>
			<Target title="SQLITE">
				<Option output="..\eoserv" prefix_auto="1" extension_auto="1" />
				<Option working_dir=".." />
				<Option object_output="..\obj\Release\" />
				<Option type="1" />
				<Option compiler="gcc" />
				<Compiler>
					<Add option="-O2" />
					<Add option="-DDATABASE_SQLITE" />
				</Compiler>
				<Linker>
					<Add option="-s" />
					<Add library="sqlite3" />
				</Linker>
			</Target>
		</Build>
		<Compiler>
			<Add option="-fwrapv" />
			<Add option="-fno-strict-aliasing" />
			<Add option="-Wextra" />
			<Add option="-Wall" />
			<Add option="-std=c++14" />
			<Add option="-include stdafx.h" />
			<Add directory="..\src\" />
		</Compiler>
		<Linker>
			<Add library="ws2_32" />
			<Add library="pthreadGC2" />
			<Add library="winmm" />
		</Linker>
		<Unit filename="../src/arena.cpp">
			<Option compile="0" />
			<Option link="0" />
		</Unit>
		<Unit filename="../src/arena.hpp" />
		<Unit filename="../src/character.cpp">
			<Option compile="0" />
			<Option link="0" />
		</Unit>
		<Unit filename="../src/character.hpp" />
		<Unit filename="../src/command_source.cpp">
			<Option compile="0" />
			<Option link="0" />
		</Unit>
		<Unit filename="../src/command_source.hpp" />
		<Unit filename="../src/commands/admin.cpp">
			<Option compile="0" />
			<Option link="0" />
		</Unit>
		<Unit filename="../src/commands/char_mod.cpp">
			<Option compile="0" />
			<Option link="0" />
		</Unit>
		<Unit filename="../src/commands/commands.cpp">
			<Option compile="0" />
			<Option link="0" />
		</Unit>
		<Unit filename="../src/commands/commands.hpp" />
		<Unit filename="../src/commands/debug.cpp">
			<Option compile="0" />
			<Option link="0" />
		</Unit>
		<Unit filename="../src/commands/info.cpp">
			<Option compile="0" />
			<Option link="0" />
		</Unit>
		<Unit filename="../src/commands/map.cpp">
			<Option compile="0" />
			<Option link="0" />
		</Unit>
		<Unit filename="../src/commands/moderation.cpp">
			<Option compile="0" />
			<Option link="0" />
		</Unit>
		<Unit filename="../src/commands/server.cpp">
			<Option compile="0" />
			<Option link="0" />
		</Unit>
		<Unit filename="../src/commands/warp.cpp">
			<Option compile="0" />
			<Option link="0" />
		</Unit>
		<Unit filename="../src/config.cpp">
			<Option compile="0" />
			<Option link="0" />
		</Unit>
		<Unit filename="../src/config.hpp" />
		<Unit filename="../src/console.cpp">
			<Option compile="0" />
			<Option link="0" />
		</Unit>
		<Unit filename="../src/console.hpp" />
		<Unit filename="../src/database.cpp">
			<Option compile="0" />
			<Option link="0" />
		</Unit>
		<Unit filename="../src/database.hpp" />
		<Unit filename="../src/database_impl.hpp" />
		<Unit filename="../src/dialog.cpp">
			<Option compile="0" />
			<Option link="0" />
		</Unit>
		<Unit filename="../src/dialog.hpp" />
		<Unit filename="../src/eoclient.cpp">
			<Option compile="0" />
			<Option link="0" />
		</Unit>
		<Unit filename="../src/eoclient.hpp" />
		<Unit filename="../src/eodata.cpp">
			<Option compile="0" />
			<Option link="0" />
		</Unit>
		<Unit filename="../src/eodata.hpp" />
		<Unit filename="../src/eoplus.cpp">
			<Option compile="0" />
			<Option link="0" />
		</Unit>
		<Unit filename="../src/eoplus.hpp" />
		<Unit filename="../src/eoplus/context.cpp">
			<Option compile="0" />
			<Option link="0" />
		</Unit>
		<Unit filename="../src/eoplus/context.hpp" />
		<Unit filename="../src/eoplus/fwd/context.hpp" />
		<Unit filename="../src/eoplus/fwd/lex.hpp" />
		<Unit filename="../src/eoplus/fwd/parse.hpp" />
		<Unit filename="../src/eoplus/lex.cpp">
			<Option compile="0" />
			<Option link="0" />
		</Unit>
		<Unit filename="../src/eoplus/lex.hpp" />
		<Unit filename="../src/eoplus/parse.cpp">
			<Option compile="0" />
			<Option link="0" />
		</Unit>
		<Unit filename="../src/eoplus/parse.hpp" />
		<Unit filename="../src/eoserv_config.cpp">
			<Option compile="0" />
			<Option link="0" />
		</Unit>
		<Unit filename="../src/eoserv_config.hpp" />
		<Unit filename="../src/eoserver.cpp">
			<Option compile="0" />
			<Option link="0" />
		</Unit>
		<Unit filename="../src/eoserver.hpp" />
		<Unit filename="../src/extra/ntservice.cpp">
			<Option compile="0" />
			<Option link="0" />
		</Unit>
		<Unit filename="../src/extra/ntservice.hpp" />
		<Unit filename="../src/extra/seose_compat.cpp">
			<Option compile="0" />
			<Option link="0" />
		</Unit>
		<Unit filename="../src/extra/seose_compat.hpp" />
		<Unit filename="../src/fwd/arena.hpp" />
		<Unit filename="../src/fwd/character.hpp" />
		<Unit filename="../src/fwd/command_source.hpp" />
		<Unit filename="../src/fwd/config.hpp" />
		<Unit filename="../src/fwd/console.hpp" />
		<Unit filename="../src/fwd/database.hpp" />
		<Unit filename="../src/fwd/dialog.hpp" />
		<Unit filename="../src/fwd/eoclient.hpp" />
		<Unit filename="../src/fwd/eodata.hpp" />
		<Unit filename="../src/fwd/eoplus.hpp" />
		<Unit filename="../src/fwd/eoserver.hpp" />
		<Unit filename="../src/fwd/guild.hpp" />
		<Unit filename="../src/fwd/i18n.hpp" />
		<Unit filename="../src/fwd/map.hpp" />
		<Unit filename="../src/fwd/nanohttp.hpp" />
		<Unit filename="../src/fwd/npc.hpp" />
		<Unit filename="../src/fwd/npc_data.hpp" />
		<Unit filename="../src/fwd/packet.hpp" />
		<Unit filename="../src/fwd/party.hpp" />
		<Unit filename="../src/fwd/player.hpp" />
		<Unit filename="../src/fwd/quest.hpp" />
		<Unit filename="../src/fwd/sln.hpp" />
		<Unit filename="../src/fwd/socket.hpp" />
		<Unit filename="../src/fwd/timer.hpp" />
		<Unit filename="../src/fwd/world.hpp" />
		<Unit filename="../src/guild.cpp">
			<Option compile="0" />
			<Option link="0" />
		</Unit>
		<Unit filename="../src/guild.hpp" />
		<Unit filename="../src/handlers/Account.cpp">
			<Option compile="0" />
			<Option link="0" />
		</Unit>
		<Unit filename="../src/handlers/AdminInteract.cpp">
			<Option compile="0" />
			<Option link="0" />
		</Unit>
		<Unit filename="../src/handlers/Attack.cpp">
			<Option compile="0" />
			<Option link="0" />
		</Unit>
		<Unit filename="../src/handlers/Bank.cpp">
			<Option compile="0" />
			<Option link="0" />
		</Unit>
		<Unit filename="../src/handlers/Barber.cpp">
			<Option compile="0" />
			<Option link="0" />
		</Unit>
		<Unit filename="../src/handlers/Board.cpp">
			<Option compile="0" />
			<Option link="0" />
		</Unit>
		<Unit filename="../src/handlers/Book.cpp">
			<Option compile="0" />
			<Option link="0" />
		</Unit>
		<Unit filename="../src/handlers/Chair.cpp">
			<Option compile="0" />
			<Option link="0" />
		</Unit>
		<Unit filename="../src/handlers/Character.cpp">
			<Option compile="0" />
			<Option link="0" />
		</Unit>
		<Unit filename="../src/handlers/Chest.cpp">
			<Option compile="0" />
			<Option link="0" />
		</Unit>
		<Unit filename="../src/handlers/Citizen.cpp">
			<Option compile="0" />
			<Option link="0" />
		</Unit>
		<Unit filename="../src/handlers/Connection.cpp">
			<Option compile="0" />
			<Option link="0" />
		</Unit>
		<Unit filename="../src/handlers/Door.cpp">
			<Option compile="0" />
			<Option link="0" />
		</Unit>
		<Unit filename="../src/handlers/Emote.cpp">
			<Option compile="0" />
			<Option link="0" />
		</Unit>
		<Unit filename="../src/handlers/Face.cpp">
			<Option compile="0" />
			<Option link="0" />
		</Unit>
		<Unit filename="../src/handlers/Global.cpp">
			<Option compile="0" />
			<Option link="0" />
		</Unit>
		<Unit filename="../src/handlers/Guild.cpp">
			<Option compile="0" />
			<Option link="0" />
		</Unit>
		<Unit filename="../src/handlers/Init.cpp">
			<Option compile="0" />
			<Option link="0" />
		</Unit>
		<Unit filename="../src/handlers/Internal.cpp">
			<Option compile="0" />
			<Option link="0" />
		</Unit>
		<Unit filename="../src/handlers/Item.cpp">
			<Option compile="0" />
			<Option link="0" />
		</Unit>
		<Unit filename="../src/handlers/Jukebox.cpp">
			<Option compile="0" />
			<Option link="0" />
		</Unit>
		<Unit filename="../src/handlers/Locker.cpp">
			<Option compile="0" />
			<Option link="0" />
		</Unit>
		<Unit filename="../src/handlers/Login.cpp">
			<Option compile="0" />
			<Option link="0" />
		</Unit>
		<Unit filename="../src/handlers/Message.cpp">
			<Option compile="0" />
			<Option link="0" />
		</Unit>
		<Unit filename="../src/handlers/Paperdoll.cpp">
			<Option compile="0" />
			<Option link="0" />
		</Unit>
		<Unit filename="../src/handlers/Party.cpp">
			<Option compile="0" />
			<Option link="0" />
		</Unit>
		<Unit filename="../src/handlers/Players.cpp">
			<Option compile="0" />
			<Option link="0" />
		</Unit>
		<Unit filename="../src/handlers/Quest.cpp">
			<Option compile="0" />
			<Option link="0" />
		</Unit>
		<Unit filename="../src/handlers/Refresh.cpp">
			<Option compile="0" />
			<Option link="0" />
		</Unit>
		<Unit filename="../src/handlers/Shop.cpp">
			<Option compile="0" />
			<Option link="0" />
		</Unit>
		<Unit filename="../src/handlers/Sit.cpp">
			<Option compile="0" />
			<Option link="0" />
		</Unit>
		<Unit filename="../src/handlers/Spell.cpp">
			<Option compile="0" />
			<Option link="0" />
		</Unit>
		<Unit filename="../src/handlers/StatSkill.cpp">
			<Option compile="0" />
			<Option link="0" />
		</Unit>
		<Unit filename="../src/handlers/Talk.cpp">
			<Option compile="0" />
			<Option link="0" />
		</Unit>
		<Unit filename="../src/handlers/Trade.cpp">
			<Option compile="0" />
			<Option link="0" />
		</Unit>
		<Unit filename="../src/handlers/Walk.cpp">
			<Option compile="0" />
			<Option link="0" />
		</Unit>
		<Unit filename="../src/handlers/Warp.cpp">
			<Option compile="0" />
			<Option link="0" />
		</Unit>
		<Unit filename="../src/handlers/Welcome.cpp">
			<Option compile="0" />
			<Option link="0" />
		</Unit>
		<Unit filename="../src/handlers/handlers.cpp">
			<Option compile="0" />
			<Option link="0" />
		</Unit>
		<Unit filename="../src/handlers/handlers.hpp" />
		<Unit filename="../src/hash.cpp">
			<Option compile="0" />
			<Option link="0" />
		</Unit>
		<Unit filename="../src/hash.hpp" />
		<Unit filename="../src/i18n.cpp">
			<Option compile="0" />
			<Option link="0" />
		</Unit>
		<Unit filename="../src/i18n.hpp" />
		<Unit filename="../src/main.cpp">
			<Option compile="0" />
			<Option link="0" />
		</Unit>
		<Unit filename="../src/map.cpp">
			<Option compile="0" />
			<Option link="0" />
		</Unit>
		<Unit filename="../src/map.hpp" />
		<Unit filename="../src/nanohttp.cpp">
			<Option compile="0" />
			<Option link="0" />
		</Unit>
		<Unit filename="../src/nanohttp.hpp" />
		<Unit filename="../src/npc.cpp">
			<Option compile="0" />
			<Option link="0" />
		</Unit>
		<Unit filename="../src/npc.hpp" />
		<Unit filename="../src/npc_data.cpp">
			<Option compile="0" />
			<Option link="0" />
		</Unit>
		<Unit filename="../src/npc_data.hpp" />
		<Unit filename="../src/packet.cpp">
			<Option compile="0" />
			<Option link="0" />
		</Unit>
		<Unit filename="../src/packet.hpp" />
		<Unit filename="../src/party.cpp">
			<Option compile="0" />
			<Option link="0" />
		</Unit>
		<Unit filename="../src/party.hpp" />
		<Unit filename="../src/platform.h" />
		<Unit filename="../src/player.cpp">
			<Option compile="0" />
			<Option link="0" />
		</Unit>
		<Unit filename="../src/player.hpp" />
		<Unit filename="../src/quest.cpp">
			<Option compile="0" />
			<Option link="0" />
		</Unit>
		<Unit filename="../src/quest.hpp" />
		<Unit filename="../src/sha256.c">
			<Option compilerVar="CC" />
			<Option compile="0" />
			<Option link="0" />
		</Unit>
		<Unit filename="../src/sha256.h" />
		<Unit filename="../src/sln.cpp">
			<Option compile="0" />
			<Option link="0" />
		</Unit>
		<Unit filename="../src/sln.hpp" />
		<Unit filename="../src/socket.cpp">
			<Option compile="0" />
			<Option link="0" />
		</Unit>
		<Unit filename="../src/socket.hpp" />
		<Unit filename="../src/socket_impl.hpp" />
		<Unit filename="../src/stdafx.h">
			<Option compile="1" />
			<Option weight="0" />
		</Unit>
		<Unit filename="../src/timer.cpp">
			<Option compile="0" />
			<Option link="0" />
		</Unit>
		<Unit filename="../src/timer.hpp" />
		<Unit filename="../src/util.cpp">
			<Option compile="0" />
			<Option link="0" />
		</Unit>
		<Unit filename="../src/util.hpp" />
		<Unit filename="../src/util/rpn.cpp">
			<Option compile="0" />
			<Option link="0" />
		</Unit>
		<Unit filename="../src/util/rpn.hpp" />
		<Unit filename="../src/util/secure_string.hpp" />
		<Unit filename="../src/util/variant.cpp">
			<Option compile="0" />
			<Option link="0" />
		</Unit>
		<Unit filename="../src/util/variant.hpp" />
		<Unit filename="../src/version.h" />
		<Unit filename="../src/world.cpp">
			<Option compile="0" />
			<Option link="0" />
		</Unit>
		<Unit filename="../src/world.hpp" />
		<Unit filename="../tu/commands.cpp" />
		<Unit filename="../tu/eoplus.cpp" />
		<Unit filename="../tu/game_1.cpp" />
		<Unit filename="../tu/game_2.cpp" />
		<Unit filename="../tu/game_3.cpp" />
		<Unit filename="../tu/handlers.cpp" />
		<Unit filename="../tu/main.cpp" />
		<Unit filename="../tu/sha256.c">
			<Option compilerVar="CC" />
		</Unit>
		<Unit filename="../tu/system.cpp" />
		<Unit filename="winres.rc">
			<Option compilerVar="WINDRES" />
		</Unit>
		<Extensions>
			<code_completion />
			<envvars />
			<debugger />
			<DoxyBlocks>
				<comment_style block="0" line="0" />
				<doxyfile_project />
				<doxyfile_build />
				<doxyfile_warnings />
				<doxyfile_output />
				<doxyfile_dot />
				<general />
			</DoxyBlocks>
		</Extensions>
	</Project>
</CodeBlocks_project_file>
